
Microsoft Visual Studio Solution File, Format Version 12.00
# Visual Studio Version 16
VisualStudioVersion = 16.0.31129.286
MinimumVisualStudioVersion = 10.0.40219.1
Project("{9A19103F-16F7-4668-BE54-9A1E7A4F7556}") = "Nebulas", "Nebulas.csproj", "{38AAA57B-085A-48A3-B597-9E975237D61F}"
EndProject
Global
	GlobalSection(SolutionConfigurationPlatforms) = preSolution
		Debug|Any CPU = Debug|Any CPU
		Release|Any CPU = Release|Any CPU
	EndGlobalSection
	GlobalSection(ProjectConfigurationPlatforms) = postSolution
		{38AAA57B-085A-48A3-B597-9E975237D61F}.Debug|Any CPU.ActiveCfg = Debug|Any CPU
		{38AAA57B-085A-48A3-B597-9E975237D61F}.Debug|Any CPU.Build.0 = Debug|Any CPU
		{38AAA57B-085A-48A3-B597-9E975237D61F}.Release|Any CPU.ActiveCfg = Release|Any CPU
		{38AAA57B-085A-48A3-B597-9E975237D61F}.Release|Any CPU.Build.0 = Release|Any CPU
	EndGlobalSection
	GlobalSection(SolutionProperties) = preSolution
		HideSolutionNode = FALSE
	EndGlobalSection
	GlobalSection(ExtensibilityGlobals) = postSolution
		SolutionGuid = {485B3990-A0A2-48F1-AF43-4A055D727BAD}
	EndGlobalSection
EndGlobal
